
Microsoft Visual Studio Solution File, Format Version 12.00
# Visual Studio Version 17
VisualStudioVersion = 17.0.31903.59
MinimumVisualStudioVersion = 10.0.40219.1
Project("{FAE04EC0-301F-11D3-BF4B-00C04F79EFBC}") = "TestesUnitariosTestes", "TestesUnitariosTestes\TestesUnitariosTestes.csproj", "{8D4BA952-9B17-4376-8825-9968364918DD}"
EndProject
Project("{FAE04EC0-301F-11D3-BF4B-00C04F79EFBC}") = "TestesUnitariosConsole", "TestesUnitariosConsole\TestesUnitariosConsole.csproj", "{F15F12AD-BEB7-4958-A490-6FDB53439B84}"
EndProject
Global
	GlobalSection(SolutionConfigurationPlatforms) = preSolution
		Debug|Any CPU = Debug|Any CPU
		Release|Any CPU = Release|Any CPU
	EndGlobalSection
	GlobalSection(SolutionProperties) = preSolution
		HideSolutionNode = FALSE
	EndGlobalSection
	GlobalSection(ProjectConfigurationPlatforms) = postSolution
		{8D4BA952-9B17-4376-8825-9968364918DD}.Debug|Any CPU.ActiveCfg = Debug|Any CPU
		{8D4BA952-9B17-4376-8825-9968364918DD}.Debug|Any CPU.Build.0 = Debug|Any CPU
		{8D4BA952-9B17-4376-8825-9968364918DD}.Release|Any CPU.ActiveCfg = Release|Any CPU
		{8D4BA952-9B17-4376-8825-9968364918DD}.Release|Any CPU.Build.0 = Release|Any CPU
		{F15F12AD-BEB7-4958-A490-6FDB53439B84}.Debug|Any CPU.ActiveCfg = Debug|Any CPU
		{F15F12AD-BEB7-4958-A490-6FDB53439B84}.Debug|Any CPU.Build.0 = Debug|Any CPU
		{F15F12AD-BEB7-4958-A490-6FDB53439B84}.Release|Any CPU.ActiveCfg = Release|Any CPU
		{F15F12AD-BEB7-4958-A490-6FDB53439B84}.Release|Any CPU.Build.0 = Release|Any CPU
	EndGlobalSection
EndGlobal
